
Microsoft Visual Studio Solution File, Format Version 12.00
# Visual Studio 2015
Project("{FAE04EC0-301F-11D3-BF4B-00C04F79EFBC}") = "cmask", "cmask.csproj", "{80D22D64-29AD-F458-F8C3-D1C8C3FCF781}"
EndProject
Global
	GlobalSection(SolutionConfigurationPlatforms) = preSolution
		Debug|Any CPU = Debug|Any CPU
		Release|Any CPU = Release|Any CPU
	EndGlobalSection
	GlobalSection(ProjectConfigurationPlatforms) = postSolution
		{80D22D64-29AD-F458-F8C3-D1C8C3FCF781}.Debug|Any CPU.ActiveCfg = Debug|Any CPU
		{80D22D64-29AD-F458-F8C3-D1C8C3FCF781}.Debug|Any CPU.Build.0 = Debug|Any CPU
		{80D22D64-29AD-F458-F8C3-D1C8C3FCF781}.Release|Any CPU.ActiveCfg = Release|Any CPU
		{80D22D64-29AD-F458-F8C3-D1C8C3FCF781}.Release|Any CPU.Build.0 = Release|Any CPU
	EndGlobalSection
	GlobalSection(SolutionProperties) = preSolution
		HideSolutionNode = FALSE
	EndGlobalSection
EndGlobal
